# This file was autogenerated by uv via the following command:
#    uv pip compile --python-version 3.13 D-gpu-data-operator-lab/requirements.in -o D-gpu-data-operator-lab/requirements.lock
cuda-bindings==13.2.0
    # via
    #   -r D-gpu-data-operator-lab/requirements.in
    #   cuda-python
    #   pylibcudf-cu13
    #   rmm-cu13
cuda-pathfinder==1.8.1
    # via
    #   cuda-bindings
    #   cuda-python
    #   cupy-cuda13x
    #   libkvikio-cu13
cuda-python==13.2.0
    # via -r D-gpu-data-operator-lab/requirements.in
cuda-toolkit==13.3.1
    # via libkvikio-cu13
cupy-cuda13x==14.2.0
    # via -r D-gpu-data-operator-lab/requirements.in
iniconfig==2.3.0
    # via pytest
libcudf-cu13==26.8.1
    # via pylibcudf-cu13
libkvikio-cu13==26.8.0
    # via libcudf-cu13
librmm-cu13==26.8.0
    # via
    #   libcudf-cu13
    #   rmm-cu13
numpy==2.5.3
    # via
    #   -r D-gpu-data-operator-lab/requirements.in
    #   cupy-cuda13x
    #   rmm-cu13
nvidia-cufile==1.18.1.6
    # via cuda-toolkit
nvidia-libnvcomp-cu13==5.3.0.16
    # via libcudf-cu13
nvidia-nvjitlink==13.3.33
    # via libcudf-cu13
nvtx==0.2.16
    # via
    #   -r D-gpu-data-operator-lab/requirements.in
    #   pylibcudf-cu13
packaging==26.3
    # via pytest
pluggy==1.6.0
    # via pytest
pyarrow==25.0.1
    # via -r D-gpu-data-operator-lab/requirements.in
pygments==2.21.0
    # via pytest
pylibcudf-cu13==26.8.1
    # via -r D-gpu-data-operator-lab/requirements.in
pytest==9.1.1
    # via -r D-gpu-data-operator-lab/requirements.in
rapids-logger==0.2.3
    # via
    #   libcudf-cu13
    #   libkvikio-cu13
    #   librmm-cu13
rmm-cu13==26.8.0
    # via pylibcudf-cu13
